# This file is autogenerated, do not edit; changes may be undone by the next 'dep ensure'.


[[projects]]
  digest = "1:6d754caa69786cb16e2c6abbab77034f5f0170971783dfe73c4e9e6766bcb738"
  name = "github.com/go-xorm/xorm"
  packages = [
    ".",
    "migrate",
  ]
  pruneopts = "UT"
  revision = "6a47ef9b497180f51f5abe27bdaba2f6ec3564ad"
  version = "v0.7.9"

[[projects]]
  digest = "1:2fe9cf9207310e4d0453160917d1295c1941ff2d0bdcd7cf241bc188b52889d6"
  name = "xorm.io/builder"
  packages = ["."]
  pruneopts = "UT"
  revision = "bc5cd059f0486ee110890d40eb6a774894f99c6d"
  version = "v0.3.6"

[[projects]]
  digest = "1:48314c25a96b757e8471199159b34f544baef47113012ea88f456178fc032564"
  name = "xorm.io/core"
  packages = ["."]
  pruneopts = "UT"
  revision = "1e7bccc690201fe9d8c5b0de4403c055de3052c2"
  version = "v0.7.3"

[solve-meta]
  analyzer-name = "dep"
  analyzer-version = 1
  input-imports = [
    "github.com/go-xorm/xorm",
    "github.com/go-xorm/xorm/migrate",
    "xorm.io/core",
  ]
  solver-name = "gps-cdcl"
  solver-version = 1
