# This file is autogenerated, do not edit; changes may be undone by the next 'dep ensure'.


[[projects]]
  digest = "1:6d754caa69786cb16e2c6abbab77034f5f0170971783dfe73c4e9e6766bcb738"
  name = "github.com/go-xorm/xorm"
  packages = [
    ".",
    "migrate",
  ]
  pruneopts = "UT"
  revision = "6a47ef9b497180f51f5abe27bdaba2f6ec3564ad"
  version = "v0.7.9"

[[projects]]
  branch = "master"
  digest = "1:3ce584ef2a91ca82a3350c20257e06a6c4b7ea1510b12a6c5d2018e9aaeb4c5c"
  name = "github.com/iancoleman/orderedmap"
  packages = ["."]
  pruneopts = "UT"
  revision = "ac98e3ecb4b017efb5c5d0fc075c2ded1f5d500d"

[[projects]]
  digest = "1:9ff22c26414baf7deaf74f2a788fe7b97666048bcbe346c52cfe823442abbdfb"
  name = "github.com/lib/pq"
  packages = [
    ".",
    "oid",
    "scram",
  ]
  pruneopts = "UT"
  revision = "99274577be97ac9b1d95a2d61d566dc9b7cc6a54"
  version = "v1.3.0"

[[projects]]
  digest = "1:61332bb44d05257bbf0356d8400a8b30fe0b9fdc3b72b8b55661da8f0a4f39ae"
  name = "github.com/mitchellh/hashstructure"
  packages = ["."]
  pruneopts = "UT"
  revision = "a38c50148365edc8df43c1580c48fb2b3a1e9cd7"
  version = "v1.0.0"

[[projects]]
  digest = "1:53bc4cd4914cd7cd52139990d5170d6dc99067ae31c56530621b18b35fc30318"
  name = "github.com/mitchellh/mapstructure"
  packages = ["."]
  pruneopts = "UT"
  revision = "3536a929edddb9a5b34bd6861dc4a9647cb459fe"
  version = "v1.1.2"

[[projects]]
  digest = "1:9e1d37b58d17113ec3cb5608ac0382313c5b59470b94ed97d0976e69c7022314"
  name = "github.com/pkg/errors"
  packages = ["."]
  pruneopts = "UT"
  revision = "614d223910a179a466c1767a985424175c39b465"
  version = "v0.9.1"

[[projects]]
  digest = "1:c5dfe46811af7e2eff7c11fc84b6c841520338613c056f659f262d5a4fb42fa8"
  name = "github.com/rs/cors"
  packages = ["."]
  pruneopts = "UT"
  revision = "db0fe48135e83b5812a5a31be0eea66984b1b521"
  version = "v1.7.0"

[[projects]]
  digest = "1:2fe9cf9207310e4d0453160917d1295c1941ff2d0bdcd7cf241bc188b52889d6"
  name = "xorm.io/builder"
  packages = ["."]
  pruneopts = "UT"
  revision = "bc5cd059f0486ee110890d40eb6a774894f99c6d"
  version = "v0.3.6"

[[projects]]
  digest = "1:48314c25a96b757e8471199159b34f544baef47113012ea88f456178fc032564"
  name = "xorm.io/core"
  packages = ["."]
  pruneopts = "UT"
  revision = "1e7bccc690201fe9d8c5b0de4403c055de3052c2"
  version = "v0.7.3"

[solve-meta]
  analyzer-name = "dep"
  analyzer-version = 1
  input-imports = [
    "github.com/go-xorm/xorm",
    "github.com/go-xorm/xorm/migrate",
    "github.com/iancoleman/orderedmap",
    "github.com/lib/pq",
    "github.com/mitchellh/hashstructure",
    "github.com/mitchellh/mapstructure",
    "github.com/pkg/errors",
    "github.com/rs/cors",
    "xorm.io/builder",
    "xorm.io/core",
  ]
  solver-name = "gps-cdcl"
  solver-version = 1
